// !$*UTF8*$!
{
	archiveVersion = 1;
	classes = {
	};
	objectVersion = 46;
	objects = {

/* Begin PBXBuildFile section */
		F4F3BAD11A887637006D11BA /* AppDelegate.swift in Sources */ = {isa = PBXBuildFile; fileRef = F4F3BAD01A887637006D11BA /* AppDelegate.swift */; };
		F4F3BAD31A887637006D11BA /* ViewController.swift in Sources */ = {isa = PBXBuildFile; fileRef = F4F3BAD21A887637006D11BA /* ViewController.swift */; };
		F4F3BAD61A887637006D11BA /* Main.storyboard in Resources */ = {isa = PBXBuildFile; fileRef = F4F3BAD41A887637006D11BA /* Main.storyboard */; };
		F4F3BAD81A887637006D11BA /* Images.xcassets in Resources */ = {isa = PBXBuildFile; fileRef = F4F3BAD71A887637006D11BA /* Images.xcassets */; };
		F4F3BADB1A887637006D11BA /* LaunchScreen.xib in Resources */ = {isa = PBXBuildFile; fileRef = F4F3BAD91A887637006D11BA /* LaunchScreen.xib */; };
		F4F3BAE71A887637006D11BA /* RedVsBlueTests.swift in Sources */ = {isa = PBXBuildFile; fileRef = F4F3BAE61A887637006D11BA /* RedVsBlueTests.swift */; };
		F4F3BAF91A887640006D11BA /* InterfaceController.swift in Sources */ = {isa = PBXBuildFile; fileRef = F4F3BAF81A887640006D11BA /* InterfaceController.swift */; };
		F4F3BAFB1A887640006D11BA /* Images.xcassets in Resources */ = {isa = PBXBuildFile; fileRef = F4F3BAFA1A887640006D11BA /* Images.xcassets */; };
		F4F3BAFF1A887640006D11BA /* RedVsBlue WatchKit App.app in Resources */ = {isa = PBXBuildFile; fileRef = F4F3BAFE1A887640006D11BA /* RedVsBlue WatchKit App.app */; };
		F4F3BB071A887640006D11BA /* Interface.storyboard in Resources */ = {isa = PBXBuildFile; fileRef = F4F3BB051A887640006D11BA /* Interface.storyboard */; };
		F4F3BB091A887640006D11BA /* Images.xcassets in Resources */ = {isa = PBXBuildFile; fileRef = F4F3BB081A887640006D11BA /* Images.xcassets */; };
		F4F3BB0C1A887640006D11BA /* RedVsBlue WatchKit Extension.appex in Embed App Extensions */ = {isa = PBXBuildFile; fileRef = F4F3BAF41A887640006D11BA /* RedVsBlue WatchKit Extension.appex */; settings = {ATTRIBUTES = (RemoveHeadersOnCopy, ); }; };
/* End PBXBuildFile section */

/* Begin PBXContainerItemProxy section */
		F4F3BAE11A887637006D11BA /* PBXContainerItemProxy */ = {
			isa = PBXContainerItemProxy;
			containerPortal = F4F3BAC31A887637006D11BA /* Project object */;
			proxyType = 1;
			remoteGlobalIDString = F4F3BACA1A887637006D11BA;
			remoteInfo = RedVsBlue;
		};
		F4F3BB001A887640006D11BA /* PBXContainerItemProxy */ = {
			isa = PBXContainerItemProxy;
			containerPortal = F4F3BAC31A887637006D11BA /* Project object */;
			proxyType = 1;
			remoteGlobalIDString = F4F3BAFD1A887640006D11BA;
			remoteInfo = "RedVsBlue WatchKit App";
		};
		F4F3BB0A1A887640006D11BA /* PBXContainerItemProxy */ = {
			isa = PBXContainerItemProxy;
			containerPortal = F4F3BAC31A887637006D11BA /* Project object */;
			proxyType = 1;
			remoteGlobalIDString = F4F3BAF31A887640006D11BA;
			remoteInfo = "RedVsBlue WatchKit Extension";
		};
/* End PBXContainerItemProxy section */

/* Begin PBXCopyFilesBuildPhase section */
		F4F3BB131A887640006D11BA /* Embed App Extensions */ = {
			isa = PBXCopyFilesBuildPhase;
			buildActionMask = 2147483647;
			dstPath = "";
			dstSubfolderSpec = 13;
			files = (
				F4F3BB0C1A887640006D11BA /* RedVsBlue WatchKit Extension.appex in Embed App Extensions */,
			);
			name = "Embed App Extensions";
			runOnlyForDeploymentPostprocessing = 0;
		};
/* End PBXCopyFilesBuildPhase section */

/* Begin PBXFileReference section */
		F4F3BACB1A887637006D11BA /* RedVsBlue.app */ = {isa = PBXFileReference; explicitFileType = wrapper.application; includeInIndex = 0; path = RedVsBlue.app; sourceTree = BUILT_PRODUCTS_DIR; };
		F4F3BACF1A887637006D11BA /* Info.plist */ = {isa = PBXFileReference; lastKnownFileType = text.plist.xml; path = Info.plist; sourceTree = "<group>"; };
		F4F3BAD01A887637006D11BA /* AppDelegate.swift */ = {isa = PBXFileReference; lastKnownFileType = sourcecode.swift; path = AppDelegate.swift; sourceTree = "<group>"; };
		F4F3BAD21A887637006D11BA /* ViewController.swift */ = {isa = PBXFileReference; lastKnownFileType = sourcecode.swift; path = ViewController.swift; sourceTree = "<group>"; };
		F4F3BAD51A887637006D11BA /* Base */ = {isa = PBXFileReference; lastKnownFileType = file.storyboard; name = Base; path = Base.lproj/Main.storyboard; sourceTree = "<group>"; };
		F4F3BAD71A887637006D11BA /* Images.xcassets */ = {isa = PBXFileReference; lastKnownFileType = folder.assetcatalog; path = Images.xcassets; sourceTree = "<group>"; };
		F4F3BADA1A887637006D11BA /* Base */ = {isa = PBXFileReference; lastKnownFileType = file.xib; name = Base; path = Base.lproj/LaunchScreen.xib; sourceTree = "<group>"; };
		F4F3BAE01A887637006D11BA /* RedVsBlueTests.xctest */ = {isa = PBXFileReference; explicitFileType = wrapper.cfbundle; includeInIndex = 0; path = RedVsBlueTests.xctest; sourceTree = BUILT_PRODUCTS_DIR; };
		F4F3BAE51A887637006D11BA /* Info.plist */ = {isa = PBXFileReference; lastKnownFileType = text.plist.xml; path = Info.plist; sourceTree = "<group>"; };
		F4F3BAE61A887637006D11BA /* RedVsBlueTests.swift */ = {isa = PBXFileReference; lastKnownFileType = sourcecode.swift; path = RedVsBlueTests.swift; sourceTree = "<group>"; };
		F4F3BAF41A887640006D11BA /* RedVsBlue WatchKit Extension.appex */ = {isa = PBXFileReference; explicitFileType = "wrapper.app-extension"; includeInIndex = 0; path = "RedVsBlue WatchKit Extension.appex"; sourceTree = BUILT_PRODUCTS_DIR; };
		F4F3BAF71A887640006D11BA /* Info.plist */ = {isa = PBXFileReference; lastKnownFileType = text.plist.xml; path = Info.plist; sourceTree = "<group>"; };
		F4F3BAF81A887640006D11BA /* InterfaceController.swift */ = {isa = PBXFileReference; lastKnownFileType = sourcecode.swift; path = InterfaceController.swift; sourceTree = "<group>"; };
		F4F3BAFA1A887640006D11BA /* Images.xcassets */ = {isa = PBXFileReference; lastKnownFileType = folder.assetcatalog; path = Images.xcassets; sourceTree = "<group>"; };
		F4F3BAFE1A887640006D11BA /* RedVsBlue WatchKit App.app */ = {isa = PBXFileReference; explicitFileType = wrapper.application; includeInIndex = 0; path = "RedVsBlue WatchKit App.app"; sourceTree = BUILT_PRODUCTS_DIR; };
		F4F3BB041A887640006D11BA /* Info.plist */ = {isa = PBXFileReference; lastKnownFileType = text.plist.xml; path = Info.plist; sourceTree = "<group>"; };
		F4F3BB061A887640006D11BA /* Base */ = {isa = PBXFileReference; lastKnownFileType = file.storyboard; name = Base; path = Base.lproj/Interface.storyboard; sourceTree = "<group>"; };
		F4F3BB081A887640006D11BA /* Images.xcassets */ = {isa = PBXFileReference; lastKnownFileType = folder.assetcatalog; path = Images.xcassets; sourceTree = "<group>"; };
/* End PBXFileReference section */

/* Begin PBXFrameworksBuildPhase section */
		F4F3BAC81A887637006D11BA /* Frameworks */ = {
			isa = PBXFrameworksBuildPhase;
			buildActionMask = 2147483647;
			files = (
			);
			runOnlyForDeploymentPostprocessing = 0;
		};
		F4F3BADD1A887637006D11BA /* Frameworks */ = {
			isa = PBXFrameworksBuildPhase;
			buildActionMask = 2147483647;
			files = (
			);
			runOnlyForDeploymentPostprocessing = 0;
		};
		F4F3BAF11A887640006D11BA /* Frameworks */ = {
			isa = PBXFrameworksBuildPhase;
			buildActionMask = 2147483647;
			files = (
			);
			runOnlyForDeploymentPostprocessing = 0;
		};
/* End PBXFrameworksBuildPhase section */

/* Begin PBXGroup section */
		F4F3BAC21A887637006D11BA = {
			isa = PBXGroup;
			children = (
				F4F3BACD1A887637006D11BA /* RedVsBlue */,
				F4F3BAE31A887637006D11BA /* RedVsBlueTests */,
				F4F3BAF51A887640006D11BA /* RedVsBlue WatchKit Extension */,
				F4F3BB021A887640006D11BA /* RedVsBlue WatchKit App */,
				F4F3BACC1A887637006D11BA /* Products */,
			);
			sourceTree = "<group>";
		};
		F4F3BACC1A887637006D11BA /* Products */ = {
			isa = PBXGroup;
			children = (
				F4F3BACB1A887637006D11BA /* RedVsBlue.app */,
				F4F3BAE01A887637006D11BA /* RedVsBlueTests.xctest */,
				F4F3BAF41A887640006D11BA /* RedVsBlue WatchKit Extension.appex */,
				F4F3BAFE1A887640006D11BA /* RedVsBlue WatchKit App.app */,
			);
			name = Products;
			sourceTree = "<group>";
		};
		F4F3BACD1A887637006D11BA /* RedVsBlue */ = {
			isa = PBXGroup;
			children = (
				F4F3BAD01A887637006D11BA /* AppDelegate.swift */,
				F4F3BAD21A887637006D11BA /* ViewController.swift */,
				F4F3BAD41A887637006D11BA /* Main.storyboard */,
				F4F3BAD71A887637006D11BA /* Images.xcassets */,
				F4F3BAD91A887637006D11BA /* LaunchScreen.xib */,
				F4F3BACE1A887637006D11BA /* Supporting Files */,
			);
			path = RedVsBlue;
			sourceTree = "<group>";
		};
		F4F3BACE1A887637006D11BA /* Supporting Files */ = {
			isa = PBXGroup;
			children = (
				F4F3BACF1A887637006D11BA /* Info.plist */,
			);
			name = "Supporting Files";
			sourceTree = "<group>";
		};
		F4F3BAE31A887637006D11BA /* RedVsBlueTests */ = {
			isa = PBXGroup;
			children = (
				F4F3BAE61A887637006D11BA /* RedVsBlueTests.swift */,
				F4F3BAE41A887637006D11BA /* Supporting Files */,
			);
			path = RedVsBlueTests;
			sourceTree = "<group>";
		};
		F4F3BAE41A887637006D11BA /* Supporting Files */ = {
			isa = PBXGroup;
			children = (
				F4F3BAE51A887637006D11BA /* Info.plist */,
			);
			name = "Supporting Files";
			sourceTree = "<group>";
		};
		F4F3BAF51A887640006D11BA /* RedVsBlue WatchKit Extension */ = {
			isa = PBXGroup;
			children = (
				F4F3BAF81A887640006D11BA /* InterfaceController.swift */,
				F4F3BAFA1A887640006D11BA /* Images.xcassets */,
				F4F3BAF61A887640006D11BA /* Supporting Files */,
			);
			path = "RedVsBlue WatchKit Extension";
			sourceTree = "<group>";
		};
		F4F3BAF61A887640006D11BA /* Supporting Files */ = {
			isa = PBXGroup;
			children = (
				F4F3BAF71A887640006D11BA /* Info.plist */,
			);
			name = "Supporting Files";
			sourceTree = "<group>";
		};
		F4F3BB021A887640006D11BA /* RedVsBlue WatchKit App */ = {
			isa = PBXGroup;
			children = (
				F4F3BB051A887640006D11BA /* Interface.storyboard */,
				F4F3BB081A887640006D11BA /* Images.xcassets */,
				F4F3BB031A887640006D11BA /* Supporting Files */,
			);
			path = "RedVsBlue WatchKit App";
			sourceTree = "<group>";
		};
		F4F3BB031A887640006D11BA /* Supporting Files */ = {
			isa = PBXGroup;
			children = (
				F4F3BB041A887640006D11BA /* Info.plist */,
			);
			name = "Supporting Files";
			sourceTree = "<group>";
		};
/* End PBXGroup section */

/* Begin PBXNativeTarget section */
		F4F3BACA1A887637006D11BA /* RedVsBlue */ = {
			isa = PBXNativeTarget;
			buildConfigurationList = F4F3BAEA1A887637006D11BA /* Build configuration list for PBXNativeTarget "RedVsBlue" */;
			buildPhases = (
				F4F3BAC71A887637006D11BA /* Sources */,
				F4F3BAC81A887637006D11BA /* Frameworks */,
				F4F3BAC91A887637006D11BA /* Resources */,
				F4F3BB131A887640006D11BA /* Embed App Extensions */,
			);
			buildRules = (
			);
			dependencies = (
				F4F3BB0B1A887640006D11BA /* PBXTargetDependency */,
			);
			name = RedVsBlue;
			productName = RedVsBlue;
			productReference = F4F3BACB1A887637006D11BA /* RedVsBlue.app */;
			productType = "com.apple.product-type.application";
		};
		F4F3BADF1A887637006D11BA /* RedVsBlueTests */ = {
			isa = PBXNativeTarget;
			buildConfigurationList = F4F3BAED1A887637006D11BA /* Build configuration list for PBXNativeTarget "RedVsBlueTests" */;
			buildPhases = (
				F4F3BADC1A887637006D11BA /* Sources */,
				F4F3BADD1A887637006D11BA /* Frameworks */,
				F4F3BADE1A887637006D11BA /* Resources */,
			);
			buildRules = (
			);
			dependencies = (
				F4F3BAE21A887637006D11BA /* PBXTargetDependency */,
			);
			name = RedVsBlueTests;
			productName = RedVsBlueTests;
			productReference = F4F3BAE01A887637006D11BA /* RedVsBlueTests.xctest */;
			productType = "com.apple.product-type.bundle.unit-test";
		};
		F4F3BAF31A887640006D11BA /* RedVsBlue WatchKit Extension */ = {
			isa = PBXNativeTarget;
			buildConfigurationList = F4F3BB101A887640006D11BA /* Build configuration list for PBXNativeTarget "RedVsBlue WatchKit Extension" */;
			buildPhases = (
				F4F3BAF01A887640006D11BA /* Sources */,
				F4F3BAF11A887640006D11BA /* Frameworks */,
				F4F3BAF21A887640006D11BA /* Resources */,
			);
			buildRules = (
			);
			dependencies = (
				F4F3BB011A887640006D11BA /* PBXTargetDependency */,
			);
			name = "RedVsBlue WatchKit Extension";
			productName = "RedVsBlue WatchKit Extension";
			productReference = F4F3BAF41A887640006D11BA /* RedVsBlue WatchKit Extension.appex */;
			productType = "com.apple.product-type.watchkit-extension";
		};
		F4F3BAFD1A887640006D11BA /* RedVsBlue WatchKit App */ = {
			isa = PBXNativeTarget;
			buildConfigurationList = F4F3BB0D1A887640006D11BA /* Build configuration list for PBXNativeTarget "RedVsBlue WatchKit App" */;
			buildPhases = (
				F4F3BAFC1A887640006D11BA /* Resources */,
			);
			buildRules = (
			);
			dependencies = (
			);
			name = "RedVsBlue WatchKit App";
			productName = "RedVsBlue WatchKit App";
			productReference = F4F3BAFE1A887640006D11BA /* RedVsBlue WatchKit App.app */;
			productType = "com.apple.product-type.application.watchapp";
		};
/* End PBXNativeTarget section */

/* Begin PBXProject section */
		F4F3BAC31A887637006D11BA /* Project object */ = {
			isa = PBXProject;
			attributes = {
				LastUpgradeCheck = 0620;
				ORGANIZATIONNAME = Republic;
				TargetAttributes = {
					F4F3BACA1A887637006D11BA = {
						CreatedOnToolsVersion = 6.2;
					};
					F4F3BADF1A887637006D11BA = {
						CreatedOnToolsVersion = 6.2;
						TestTargetID = F4F3BACA1A887637006D11BA;
					};
					F4F3BAF31A887640006D11BA = {
						CreatedOnToolsVersion = 6.2;
					};
					F4F3BAFD1A887640006D11BA = {
						CreatedOnToolsVersion = 6.2;
					};
				};
			};
			buildConfigurationList = F4F3BAC61A887637006D11BA /* Build configuration list for PBXProject "RedVsBlue" */;
			compatibilityVersion = "Xcode 3.2";
			developmentRegion = English;
			hasScannedForEncodings = 0;
			knownRegions = (
				en,
				Base,
			);
			mainGroup = F4F3BAC21A887637006D11BA;
			productRefGroup = F4F3BACC1A887637006D11BA /* Products */;
			projectDirPath = "";
			projectRoot = "";
			targets = (
				F4F3BACA1A887637006D11BA /* RedVsBlue */,
				F4F3BADF1A887637006D11BA /* RedVsBlueTests */,
				F4F3BAF31A887640006D11BA /* RedVsBlue WatchKit Extension */,
				F4F3BAFD1A887640006D11BA /* RedVsBlue WatchKit App */,
			);
		};
/* End PBXProject section */

/* Begin PBXResourcesBuildPhase section */
		F4F3BAC91A887637006D11BA /* Resources */ = {
			isa = PBXResourcesBuildPhase;
			buildActionMask = 2147483647;
			files = (
				F4F3BAD61A887637006D11BA /* Main.storyboard in Resources */,
				F4F3BADB1A887637006D11BA /* LaunchScreen.xib in Resources */,
				F4F3BAD81A887637006D11BA /* Images.xcassets in Resources */,
			);
			runOnlyForDeploymentPostprocessing = 0;
		};
		F4F3BADE1A887637006D11BA /* Resources */ = {
			isa = PBXResourcesBuildPhase;
			buildActionMask = 2147483647;
			files = (
			);
			runOnlyForDeploymentPostprocessing = 0;
		};
		F4F3BAF21A887640006D11BA /* Resources */ = {
			isa = PBXResourcesBuildPhase;
			buildActionMask = 2147483647;
			files = (
				F4F3BAFB1A887640006D11BA /* Images.xcassets in Resources */,
				F4F3BAFF1A887640006D11BA /* RedVsBlue WatchKit App.app in Resources */,
			);
			runOnlyForDeploymentPostprocessing = 0;
		};
		F4F3BAFC1A887640006D11BA /* Resources */ = {
			isa = PBXResourcesBuildPhase;
			buildActionMask = 2147483647;
			files = (
				F4F3BB071A887640006D11BA /* Interface.storyboard in Resources */,
				F4F3BB091A887640006D11BA /* Images.xcassets in Resources */,
			);
			runOnlyForDeploymentPostprocessing = 0;
		};
/* End PBXResourcesBuildPhase section */

/* Begin PBXSourcesBuildPhase section */
		F4F3BAC71A887637006D11BA /* Sources */ = {
			isa = PBXSourcesBuildPhase;
			buildActionMask = 2147483647;
			files = (
				F4F3BAD31A887637006D11BA /* ViewController.swift in Sources */,
				F4F3BAD11A887637006D11BA /* AppDelegate.swift in Sources */,
			);
			runOnlyForDeploymentPostprocessing = 0;
		};
		F4F3BADC1A887637006D11BA /* Sources */ = {
			isa = PBXSourcesBuildPhase;
			buildActionMask = 2147483647;
			files = (
				F4F3BAE71A887637006D11BA /* RedVsBlueTests.swift in Sources */,
			);
			runOnlyForDeploymentPostprocessing = 0;
		};
		F4F3BAF01A887640006D11BA /* Sources */ = {
			isa = PBXSourcesBuildPhase;
			buildActionMask = 2147483647;
			files = (
				F4F3BAF91A887640006D11BA /* InterfaceController.swift in Sources */,
			);
			runOnlyForDeploymentPostprocessing = 0;
		};
/* End PBXSourcesBuildPhase section */

/* Begin PBXTargetDependency section */
		F4F3BAE21A887637006D11BA /* PBXTargetDependency */ = {
			isa = PBXTargetDependency;
			target = F4F3BACA1A887637006D11BA /* RedVsBlue */;
			targetProxy = F4F3BAE11A887637006D11BA /* PBXContainerItemProxy */;
		};
		F4F3BB011A887640006D11BA /* PBXTargetDependency */ = {
			isa = PBXTargetDependency;
			target = F4F3BAFD1A887640006D11BA /* RedVsBlue WatchKit App */;
			targetProxy = F4F3BB001A887640006D11BA /* PBXContainerItemProxy */;
		};
		F4F3BB0B1A887640006D11BA /* PBXTargetDependency */ = {
			isa = PBXTargetDependency;
			target = F4F3BAF31A887640006D11BA /* RedVsBlue WatchKit Extension */;
			targetProxy = F4F3BB0A1A887640006D11BA /* PBXContainerItemProxy */;
		};
/* End PBXTargetDependency section */

/* Begin PBXVariantGroup section */
		F4F3BAD41A887637006D11BA /* Main.storyboard */ = {
			isa = PBXVariantGroup;
			children = (
				F4F3BAD51A887637006D11BA /* Base */,
			);
			name = Main.storyboard;
			sourceTree = "<group>";
		};
		F4F3BAD91A887637006D11BA /* LaunchScreen.xib */ = {
			isa = PBXVariantGroup;
			children = (
				F4F3BADA1A887637006D11BA /* Base */,
			);
			name = LaunchScreen.xib;
			sourceTree = "<group>";
		};
		F4F3BB051A887640006D11BA /* Interface.storyboard */ = {
			isa = PBXVariantGroup;
			children = (
				F4F3BB061A887640006D11BA /* Base */,
			);
			name = Interface.storyboard;
			sourceTree = "<group>";
		};
/* End PBXVariantGroup section */

/* Begin XCBuildConfiguration section */
		F4F3BAE81A887637006D11BA /* Debug */ = {
			isa = XCBuildConfiguration;
			buildSettings = {
				ALWAYS_SEARCH_USER_PATHS = NO;
				CLANG_CXX_LANGUAGE_STANDARD = "gnu++0x";
				CLANG_CXX_LIBRARY = "libc++";
				CLANG_ENABLE_MODULES = YES;
				CLANG_ENABLE_OBJC_ARC = YES;
				CLANG_WARN_BOOL_CONVERSION = YES;
				CLANG_WARN_CONSTANT_CONVERSION = YES;
				CLANG_WARN_DIRECT_OBJC_ISA_USAGE = YES_ERROR;
				CLANG_WARN_EMPTY_BODY = YES;
				CLANG_WARN_ENUM_CONVERSION = YES;
				CLANG_WARN_INT_CONVERSION = YES;
				CLANG_WARN_OBJC_ROOT_CLASS = YES_ERROR;
				CLANG_WARN_UNREACHABLE_CODE = YES;
				CLANG_WARN__DUPLICATE_METHOD_MATCH = YES;
				"CODE_SIGN_IDENTITY[sdk=iphoneos*]" = "iPhone Developer";
				COPY_PHASE_STRIP = NO;
				ENABLE_STRICT_OBJC_MSGSEND = YES;
				GCC_C_LANGUAGE_STANDARD = gnu99;
				GCC_DYNAMIC_NO_PIC = NO;
				GCC_OPTIMIZATION_LEVEL = 0;
				GCC_PREPROCESSOR_DEFINITIONS = (
					"DEBUG=1",
					"$(inherited)",
				);
				GCC_SYMBOLS_PRIVATE_EXTERN = NO;
				GCC_WARN_64_TO_32_BIT_CONVERSION = YES;
				GCC_WARN_ABOUT_RETURN_TYPE = YES_ERROR;
				GCC_WARN_UNDECLARED_SELECTOR = YES;
				GCC_WARN_UNINITIALIZED_AUTOS = YES_AGGRESSIVE;
				GCC_WARN_UNUSED_FUNCTION = YES;
				GCC_WARN_UNUSED_VARIABLE = YES;
				IPHONEOS_DEPLOYMENT_TARGET = 8.2;
				MTL_ENABLE_DEBUG_INFO = YES;
				ONLY_ACTIVE_ARCH = YES;
				SDKROOT = iphoneos;
				SWIFT_OPTIMIZATION_LEVEL = "-Onone";
				TARGETED_DEVICE_FAMILY = "1,2";
			};
			name = Debug;
		};
		F4F3BAE91A887637006D11BA /* Release */ = {
			isa = XCBuildConfiguration;
			buildSettings = {
				ALWAYS_SEARCH_USER_PATHS = NO;
				CLANG_CXX_LANGUAGE_STANDARD = "gnu++0x";
				CLANG_CXX_LIBRARY = "libc++";
				CLANG_ENABLE_MODULES = YES;
				CLANG_ENABLE_OBJC_ARC = YES;
				CLANG_WARN_BOOL_CONVERSION = YES;
				CLANG_WARN_CONSTANT_CONVERSION = YES;
				CLANG_WARN_DIRECT_OBJC_ISA_USAGE = YES_ERROR;
				CLANG_WARN_EMPTY_BODY = YES;
				CLANG_WARN_ENUM_CONVERSION = YES;
				CLANG_WARN_INT_CONVERSION = YES;
				CLANG_WARN_OBJC_ROOT_CLASS = YES_ERROR;
				CLANG_WARN_UNREACHABLE_CODE = YES;
				CLANG_WARN__DUPLICATE_METHOD_MATCH = YES;
				"CODE_SIGN_IDENTITY[sdk=iphoneos*]" = "iPhone Developer";
				COPY_PHASE_STRIP = NO;
				ENABLE_NS_ASSERTIONS = NO;
				ENABLE_STRICT_OBJC_MSGSEND = YES;
				GCC_C_LANGUAGE_STANDARD = gnu99;
				GCC_WARN_64_TO_32_BIT_CONVERSION = YES;
				GCC_WARN_ABOUT_RETURN_TYPE = YES_ERROR;
				GCC_WARN_UNDECLARED_SELECTOR = YES;
				GCC_WARN_UNINITIALIZED_AUTOS = YES_AGGRESSIVE;
				GCC_WARN_UNUSED_FUNCTION = YES;
				GCC_WARN_UNUSED_VARIABLE = YES;
				IPHONEOS_DEPLOYMENT_TARGET = 8.2;
				MTL_ENABLE_DEBUG_INFO = NO;
				SDKROOT = iphoneos;
				TARGETED_DEVICE_FAMILY = "1,2";
				VALIDATE_PRODUCT = YES;
			};
			name = Release;
		};
		F4F3BAEB1A887637006D11BA /* Debug */ = {
			isa = XCBuildConfiguration;
			buildSettings = {
				ASSETCATALOG_COMPILER_APPICON_NAME = AppIcon;
				EMBEDDED_CONTENT_CONTAINS_SWIFT = YES;
				INFOPLIST_FILE = RedVsBlue/Info.plist;
				LD_RUNPATH_SEARCH_PATHS = "$(inherited) @executable_path/Frameworks";
				PRODUCT_NAME = "$(TARGET_NAME)";
			};
			name = Debug;
		};
		F4F3BAEC1A887637006D11BA /* Release */ = {
			isa = XCBuildConfiguration;
			buildSettings = {
				ASSETCATALOG_COMPILER_APPICON_NAME = AppIcon;
				EMBEDDED_CONTENT_CONTAINS_SWIFT = YES;
				INFOPLIST_FILE = RedVsBlue/Info.plist;
				LD_RUNPATH_SEARCH_PATHS = "$(inherited) @executable_path/Frameworks";
				PRODUCT_NAME = "$(TARGET_NAME)";
			};
			name = Release;
		};
		F4F3BAEE1A887637006D11BA /* Debug */ = {
			isa = XCBuildConfiguration;
			buildSettings = {
				BUNDLE_LOADER = "$(TEST_HOST)";
				FRAMEWORK_SEARCH_PATHS = (
					"$(SDKROOT)/Developer/Library/Frameworks",
					"$(inherited)",
				);
				GCC_PREPROCESSOR_DEFINITIONS = (
					"DEBUG=1",
					"$(inherited)",
				);
				INFOPLIST_FILE = RedVsBlueTests/Info.plist;
				LD_RUNPATH_SEARCH_PATHS = "$(inherited) @executable_path/Frameworks @loader_path/Frameworks";
				PRODUCT_NAME = "$(TARGET_NAME)";
				TEST_HOST = "$(BUILT_PRODUCTS_DIR)/RedVsBlue.app/RedVsBlue";
			};
			name = Debug;
		};
		F4F3BAEF1A887637006D11BA /* Release */ = {
			isa = XCBuildConfiguration;
			buildSettings = {
				BUNDLE_LOADER = "$(TEST_HOST)";
				FRAMEWORK_SEARCH_PATHS = (
					"$(SDKROOT)/Developer/Library/Frameworks",
					"$(inherited)",
				);
				INFOPLIST_FILE = RedVsBlueTests/Info.plist;
				LD_RUNPATH_SEARCH_PATHS = "$(inherited) @executable_path/Frameworks @loader_path/Frameworks";
				PRODUCT_NAME = "$(TARGET_NAME)";
				TEST_HOST = "$(BUILT_PRODUCTS_DIR)/RedVsBlue.app/RedVsBlue";
			};
			name = Release;
		};
		F4F3BB0E1A887640006D11BA /* Debug */ = {
			isa = XCBuildConfiguration;
			buildSettings = {
				ASSETCATALOG_COMPILER_APPICON_NAME = AppIcon;
				GCC_PREPROCESSOR_DEFINITIONS = (
					"DEBUG=1",
					"$(inherited)",
				);
				IBSC_MODULE = RedVsBlue_WatchKit_Extension;
				INFOPLIST_FILE = "RedVsBlue WatchKit App/Info.plist";
				PRODUCT_NAME = "$(TARGET_NAME)";
				SKIP_INSTALL = YES;
				TARGETED_DEVICE_FAMILY = 4;
				"TARGETED_DEVICE_FAMILY[sdk=iphonesimulator*]" = "1,4";
			};
			name = Debug;
		};
		F4F3BB0F1A887640006D11BA /* Release */ = {
			isa = XCBuildConfiguration;
			buildSettings = {
				ASSETCATALOG_COMPILER_APPICON_NAME = AppIcon;
				IBSC_MODULE = RedVsBlue_WatchKit_Extension;
				INFOPLIST_FILE = "RedVsBlue WatchKit App/Info.plist";
				PRODUCT_NAME = "$(TARGET_NAME)";
				SKIP_INSTALL = YES;
				TARGETED_DEVICE_FAMILY = 4;
				"TARGETED_DEVICE_FAMILY[sdk=iphonesimulator*]" = "1,4";
			};
			name = Release;
		};
		F4F3BB111A887640006D11BA /* Debug */ = {
			isa = XCBuildConfiguration;
			buildSettings = {
				GCC_PREPROCESSOR_DEFINITIONS = (
					"DEBUG=1",
					"$(inherited)",
				);
				INFOPLIST_FILE = "RedVsBlue WatchKit Extension/Info.plist";
				LD_RUNPATH_SEARCH_PATHS = "$(inherited) @executable_path/Frameworks @executable_path/../../Frameworks";
				PRODUCT_NAME = "${TARGET_NAME}";
				SKIP_INSTALL = YES;
			};
			name = Debug;
		};
		F4F3BB121A887640006D11BA /* Release */ = {
			isa = XCBuildConfiguration;
			buildSettings = {
				INFOPLIST_FILE = "RedVsBlue WatchKit Extension/Info.plist";
				LD_RUNPATH_SEARCH_PATHS = "$(inherited) @executable_path/Frameworks @executable_path/../../Frameworks";
				PRODUCT_NAME = "${TARGET_NAME}";
				SKIP_INSTALL = YES;
			};
			name = Release;
		};
/* End XCBuildConfiguration section */

/* Begin XCConfigurationList section */
		F4F3BAC61A887637006D11BA /* Build configuration list for PBXProject "RedVsBlue" */ = {
			isa = XCConfigurationList;
			buildConfigurations = (
				F4F3BAE81A887637006D11BA /* Debug */,
				F4F3BAE91A887637006D11BA /* Release */,
			);
			defaultConfigurationIsVisible = 0;
			defaultConfigurationName = Release;
		};
		F4F3BAEA1A887637006D11BA /* Build configuration list for PBXNativeTarget "RedVsBlue" */ = {
			isa = XCConfigurationList;
			buildConfigurations = (
				F4F3BAEB1A887637006D11BA /* Debug */,
				F4F3BAEC1A887637006D11BA /* Release */,
			);
			defaultConfigurationIsVisible = 0;
		};
		F4F3BAED1A887637006D11BA /* Build configuration list for PBXNativeTarget "RedVsBlueTests" */ = {
			isa = XCConfigurationList;
			buildConfigurations = (
				F4F3BAEE1A887637006D11BA /* Debug */,
				F4F3BAEF1A887637006D11BA /* Release */,
			);
			defaultConfigurationIsVisible = 0;
		};
		F4F3BB0D1A887640006D11BA /* Build configuration list for PBXNativeTarget "RedVsBlue WatchKit App" */ = {
			isa = XCConfigurationList;
			buildConfigurations = (
				F4F3BB0E1A887640006D11BA /* Debug */,
				F4F3BB0F1A887640006D11BA /* Release */,
			);
			defaultConfigurationIsVisible = 0;
		};
		F4F3BB101A887640006D11BA /* Build configuration list for PBXNativeTarget "RedVsBlue WatchKit Extension" */ = {
			isa = XCConfigurationList;
			buildConfigurations = (
				F4F3BB111A887640006D11BA /* Debug */,
				F4F3BB121A887640006D11BA /* Release */,
			);
			defaultConfigurationIsVisible = 0;
		};
/* End XCConfigurationList section */
	};
	rootObject = F4F3BAC31A887637006D11BA /* Project object */;
}
